
Microsoft Visual Studio Solution File, Format Version 12.00
# Visual Studio Version 16
VisualStudioVersion = 16.0.32630.194
MinimumVisualStudioVersion = 10.0.40219.1
Project("{FAE04EC0-301F-11D3-BF4B-00C04F79EFBC}") = "Treeb", "Treeb\Treeb.csproj", "{610FFD6E-FE79-41B8-8B86-977A73F27518}"
EndProject
Global
	GlobalSection(SolutionConfigurationPlatforms) = preSolution
		Debug|Any CPU = Debug|Any CPU
		Release|Any CPU = Release|Any CPU
	EndGlobalSection
	GlobalSection(ProjectConfigurationPlatforms) = postSolution
		{610FFD6E-FE79-41B8-8B86-977A73F27518}.Debug|Any CPU.ActiveCfg = Debug|Any CPU
		{610FFD6E-FE79-41B8-8B86-977A73F27518}.Debug|Any CPU.Build.0 = Debug|Any CPU
		{610FFD6E-FE79-41B8-8B86-977A73F27518}.Release|Any CPU.ActiveCfg = Release|Any CPU
		{610FFD6E-FE79-41B8-8B86-977A73F27518}.Release|Any CPU.Build.0 = Release|Any CPU
	EndGlobalSection
	GlobalSection(SolutionProperties) = preSolution
		HideSolutionNode = FALSE
	EndGlobalSection
	GlobalSection(ExtensibilityGlobals) = postSolution
		SolutionGuid = {0EFB3C1B-EBC3-46DB-A2B3-161C909F40B1}
	EndGlobalSection
EndGlobal
